
Microsoft Visual Studio Solution File, Format Version 12.00
# Visual Studio Version 17
VisualStudioVersion = 17.1.32104.313
MinimumVisualStudioVersion = 10.0.40219.1
Project("{FAE04EC0-301F-11D3-BF4B-00C04F79EFBC}") = "WebApplication1", "WebApplication1\WebApplication1.csproj", "{A2E5E617-8190-4A54-891D-3B5726CA6B25}"
EndProject
Project("{FAE04EC0-301F-11D3-BF4B-00C04F79EFBC}") = "Datos", "Datos\Datos.csproj", "{BEDF8D1D-55AF-4F39-92F4-AE457D5CB65B}"
EndProject
Global
	GlobalSection(SolutionConfigurationPlatforms) = preSolution
		Debug|Any CPU = Debug|Any CPU
		Release|Any CPU = Release|Any CPU
	EndGlobalSection
	GlobalSection(ProjectConfigurationPlatforms) = postSolution
		{A2E5E617-8190-4A54-891D-3B5726CA6B25}.Debug|Any CPU.ActiveCfg = Debug|Any CPU
		{A2E5E617-8190-4A54-891D-3B5726CA6B25}.Debug|Any CPU.Build.0 = Debug|Any CPU
		{A2E5E617-8190-4A54-891D-3B5726CA6B25}.Release|Any CPU.ActiveCfg = Release|Any CPU
		{A2E5E617-8190-4A54-891D-3B5726CA6B25}.Release|Any CPU.Build.0 = Release|Any CPU
		{BEDF8D1D-55AF-4F39-92F4-AE457D5CB65B}.Debug|Any CPU.ActiveCfg = Debug|Any CPU
		{BEDF8D1D-55AF-4F39-92F4-AE457D5CB65B}.Debug|Any CPU.Build.0 = Debug|Any CPU
		{BEDF8D1D-55AF-4F39-92F4-AE457D5CB65B}.Release|Any CPU.ActiveCfg = Release|Any CPU
		{BEDF8D1D-55AF-4F39-92F4-AE457D5CB65B}.Release|Any CPU.Build.0 = Release|Any CPU
	EndGlobalSection
	GlobalSection(SolutionProperties) = preSolution
		HideSolutionNode = FALSE
	EndGlobalSection
	GlobalSection(ExtensibilityGlobals) = postSolution
		SolutionGuid = {6D3CCF31-AF99-4BB7-AD53-D864EF9EE71B}
	EndGlobalSection
EndGlobal
